
Microsoft Visual Studio Solution File, Format Version 12.00
# Visual Studio 14
VisualStudioVersion = 14.0.25420.1
MinimumVisualStudioVersion = 10.0.40219.1
Project("{FAE04EC0-301F-11D3-BF4B-00C04F79EFBC}") = "01. PracticeIntegers", "Data Types and Variables - Exercises\01. PracticeIntegers.csproj", "{CDE1B777-DB15-4BD3-9D47-FBF0A5138B95}"
EndProject
Project("{FAE04EC0-301F-11D3-BF4B-00C04F79EFBC}") = "02. PracticeFloatingPoints", "02. PracticeFloatingPoints\02. PracticeFloatingPoints.csproj", "{ED9E85AC-CA3C-4C39-B5BF-C4AB46ACDEF5}"
EndProject
Project("{FAE04EC0-301F-11D3-BF4B-00C04F79EFBC}") = "03. PracticeCharsAndStrings", "03. PracticeCharsAndStrings\03. PracticeCharsAndStrings.csproj", "{34BC4B6F-44C5-4985-896B-C002770F9F0E}"
EndProject
Project("{FAE04EC0-301F-11D3-BF4B-00C04F79EFBC}") = "04. VariableInHexFormat", "04. VariableInHexFormat\04. VariableInHexFormat.csproj", "{6D3696F3-460A-4F14-AE8D-19A3216C4159}"
EndProject
Project("{FAE04EC0-301F-11D3-BF4B-00C04F79EFBC}") = "05. BooleanVariable", "05. BooleanVariable\05. BooleanVariable.csproj", "{76069AE4-3311-4975-BCA8-CABB00F2EA93}"
EndProject
Project("{FAE04EC0-301F-11D3-BF4B-00C04F79EFBC}") = "06. StringsAndObjects", "06. StringsAndObjects\06. StringsAndObjects.csproj", "{3799DFDA-BF0A-476D-A987-B366930D73C3}"
EndProject
Project("{FAE04EC0-301F-11D3-BF4B-00C04F79EFBC}") = "07. ExchangeVariableValues", "07. ExchangeVariableValues\07. ExchangeVariableValues.csproj", "{C3554174-AD8D-47C0-86F3-3D6DE1ABCA30}"
EndProject
Project("{FAE04EC0-301F-11D3-BF4B-00C04F79EFBC}") = "08. EmployeeData", "08. EmployeeData\08. EmployeeData.csproj", "{DF24D0A5-3F9A-4676-BAB4-5F6039EC4C22}"
EndProject
Project("{FAE04EC0-301F-11D3-BF4B-00C04F79EFBC}") = "09. ReversedChars", "09. ReversedChars\09. ReversedChars.csproj", "{D948BF02-85D1-434F-B44D-746008F3D89A}"
EndProject
Project("{FAE04EC0-301F-11D3-BF4B-00C04F79EFBC}") = "10. CenturiesToNanoseconds", "10. CenturiesToNanoseconds\10. CenturiesToNanoseconds.csproj", "{2790C995-D1BC-4E60-ADE3-CD1B7C2EE2B9}"
EndProject
Project("{FAE04EC0-301F-11D3-BF4B-00C04F79EFBC}") = "11. ConvertSpeedUnits", "11. ConvertSpeedUnits\11. ConvertSpeedUnits.csproj", "{56D14142-9E28-4A24-8F7A-2CE458F39D3F}"
EndProject
Project("{FAE04EC0-301F-11D3-BF4B-00C04F79EFBC}") = "12. RectangleProperties", "12. RectangleProperties\12. RectangleProperties.csproj", "{523E8A80-F642-4190-8333-3587782A00AC}"
EndProject
Project("{FAE04EC0-301F-11D3-BF4B-00C04F79EFBC}") = "13. VowelOrDigit", "13. VowelOrDigit\13. VowelOrDigit.csproj", "{0D0FE0C0-FCED-4D29-A489-2F09690AB658}"
EndProject
Project("{FAE04EC0-301F-11D3-BF4B-00C04F79EFBC}") = "14. IntegerToHexAndBinary", "14. IntegerToHexAndBinary\14. IntegerToHexAndBinary.csproj", "{139FD785-2069-4CE4-8A85-06B5C2791B6B}"
EndProject
Project("{FAE04EC0-301F-11D3-BF4B-00C04F79EFBC}") = "15. FastPrimeChecker", "15. FastPrimeChecker\15. FastPrimeChecker.csproj", "{5174A2CD-365E-410D-8C95-99B981F98D2D}"
EndProject
Project("{FAE04EC0-301F-11D3-BF4B-00C04F79EFBC}") = "16. ComparingFloats", "16. ComparingFloats\16. ComparingFloats.csproj", "{FE36FEE5-EC51-4B97-B515-1DB12250C2BC}"
EndProject
Project("{FAE04EC0-301F-11D3-BF4B-00C04F79EFBC}") = "17. PrintPartOfASCIITable", "17. PrintPartOfASCIITable\17. PrintPartOfASCIITable.csproj", "{7F51ECA0-5B61-4107-BF10-EF478A51550C}"
EndProject
Project("{FAE04EC0-301F-11D3-BF4B-00C04F79EFBC}") = "18. DifferentIntegersSize", "18. DifferentIntegersSize\18. DifferentIntegersSize.csproj", "{C995177E-26DA-4E3D-B0B1-38EC4F8D2FE7}"
EndProject
Project("{FAE04EC0-301F-11D3-BF4B-00C04F79EFBC}") = "19. TheaThePhotographer", "19. TheaThePhotographer\19. TheaThePhotographer.csproj", "{44DD396F-6A46-43AA-8925-3E2FF050475E}"
EndProject
Global
	GlobalSection(SolutionConfigurationPlatforms) = preSolution
		Debug|Any CPU = Debug|Any CPU
		Release|Any CPU = Release|Any CPU
	EndGlobalSection
	GlobalSection(ProjectConfigurationPlatforms) = postSolution
		{CDE1B777-DB15-4BD3-9D47-FBF0A5138B95}.Debug|Any CPU.ActiveCfg = Debug|Any CPU
		{CDE1B777-DB15-4BD3-9D47-FBF0A5138B95}.Debug|Any CPU.Build.0 = Debug|Any CPU
		{CDE1B777-DB15-4BD3-9D47-FBF0A5138B95}.Release|Any CPU.ActiveCfg = Release|Any CPU
		{CDE1B777-DB15-4BD3-9D47-FBF0A5138B95}.Release|Any CPU.Build.0 = Release|Any CPU
		{ED9E85AC-CA3C-4C39-B5BF-C4AB46ACDEF5}.Debug|Any CPU.ActiveCfg = Debug|Any CPU
		{ED9E85AC-CA3C-4C39-B5BF-C4AB46ACDEF5}.Debug|Any CPU.Build.0 = Debug|Any CPU
		{ED9E85AC-CA3C-4C39-B5BF-C4AB46ACDEF5}.Release|Any CPU.ActiveCfg = Release|Any CPU
		{ED9E85AC-CA3C-4C39-B5BF-C4AB46ACDEF5}.Release|Any CPU.Build.0 = Release|Any CPU
		{34BC4B6F-44C5-4985-896B-C002770F9F0E}.Debug|Any CPU.ActiveCfg = Debug|Any CPU
		{34BC4B6F-44C5-4985-896B-C002770F9F0E}.Debug|Any CPU.Build.0 = Debug|Any CPU
		{34BC4B6F-44C5-4985-896B-C002770F9F0E}.Release|Any CPU.ActiveCfg = Release|Any CPU
		{34BC4B6F-44C5-4985-896B-C002770F9F0E}.Release|Any CPU.Build.0 = Release|Any CPU
		{6D3696F3-460A-4F14-AE8D-19A3216C4159}.Debug|Any CPU.ActiveCfg = Debug|Any CPU
		{6D3696F3-460A-4F14-AE8D-19A3216C4159}.Debug|Any CPU.Build.0 = Debug|Any CPU
		{6D3696F3-460A-4F14-AE8D-19A3216C4159}.Release|Any CPU.ActiveCfg = Release|Any CPU
		{6D3696F3-460A-4F14-AE8D-19A3216C4159}.Release|Any CPU.Build.0 = Release|Any CPU
		{76069AE4-3311-4975-BCA8-CABB00F2EA93}.Debug|Any CPU.ActiveCfg = Debug|Any CPU
		{76069AE4-3311-4975-BCA8-CABB00F2EA93}.Debug|Any CPU.Build.0 = Debug|Any CPU
		{76069AE4-3311-4975-BCA8-CABB00F2EA93}.Release|Any CPU.ActiveCfg = Release|Any CPU
		{76069AE4-3311-4975-BCA8-CABB00F2EA93}.Release|Any CPU.Build.0 = Release|Any CPU
		{3799DFDA-BF0A-476D-A987-B366930D73C3}.Debug|Any CPU.ActiveCfg = Debug|Any CPU
		{3799DFDA-BF0A-476D-A987-B366930D73C3}.Debug|Any CPU.Build.0 = Debug|Any CPU
		{3799DFDA-BF0A-476D-A987-B366930D73C3}.Release|Any CPU.ActiveCfg = Release|Any CPU
		{3799DFDA-BF0A-476D-A987-B366930D73C3}.Release|Any CPU.Build.0 = Release|Any CPU
		{C3554174-AD8D-47C0-86F3-3D6DE1ABCA30}.Debug|Any CPU.ActiveCfg = Debug|Any CPU
		{C3554174-AD8D-47C0-86F3-3D6DE1ABCA30}.Debug|Any CPU.Build.0 = Debug|Any CPU
		{C3554174-AD8D-47C0-86F3-3D6DE1ABCA30}.Release|Any CPU.ActiveCfg = Release|Any CPU
		{C3554174-AD8D-47C0-86F3-3D6DE1ABCA30}.Release|Any CPU.Build.0 = Release|Any CPU
		{DF24D0A5-3F9A-4676-BAB4-5F6039EC4C22}.Debug|Any CPU.ActiveCfg = Debug|Any CPU
		{DF24D0A5-3F9A-4676-BAB4-5F6039EC4C22}.Debug|Any CPU.Build.0 = Debug|Any CPU
		{DF24D0A5-3F9A-4676-BAB4-5F6039EC4C22}.Release|Any CPU.ActiveCfg = Release|Any CPU
		{DF24D0A5-3F9A-4676-BAB4-5F6039EC4C22}.Release|Any CPU.Build.0 = Release|Any CPU
		{D948BF02-85D1-434F-B44D-746008F3D89A}.Debug|Any CPU.ActiveCfg = Debug|Any CPU
		{D948BF02-85D1-434F-B44D-746008F3D89A}.Debug|Any CPU.Build.0 = Debug|Any CPU
		{D948BF02-85D1-434F-B44D-746008F3D89A}.Release|Any CPU.ActiveCfg = Release|Any CPU
		{D948BF02-85D1-434F-B44D-746008F3D89A}.Release|Any CPU.Build.0 = Release|Any CPU
		{2790C995-D1BC-4E60-ADE3-CD1B7C2EE2B9}.Debug|Any CPU.ActiveCfg = Debug|Any CPU
		{2790C995-D1BC-4E60-ADE3-CD1B7C2EE2B9}.Debug|Any CPU.Build.0 = Debug|Any CPU
		{2790C995-D1BC-4E60-ADE3-CD1B7C2EE2B9}.Release|Any CPU.ActiveCfg = Release|Any CPU
		{2790C995-D1BC-4E60-ADE3-CD1B7C2EE2B9}.Release|Any CPU.Build.0 = Release|Any CPU
		{56D14142-9E28-4A24-8F7A-2CE458F39D3F}.Debug|Any CPU.ActiveCfg = Debug|Any CPU
		{56D14142-9E28-4A24-8F7A-2CE458F39D3F}.Debug|Any CPU.Build.0 = Debug|Any CPU
		{56D14142-9E28-4A24-8F7A-2CE458F39D3F}.Release|Any CPU.ActiveCfg = Release|Any CPU
		{56D14142-9E28-4A24-8F7A-2CE458F39D3F}.Release|Any CPU.Build.0 = Release|Any CPU
		{523E8A80-F642-4190-8333-3587782A00AC}.Debug|Any CPU.ActiveCfg = Debug|Any CPU
		{523E8A80-F642-4190-8333-3587782A00AC}.Debug|Any CPU.Build.0 = Debug|Any CPU
		{523E8A80-F642-4190-8333-3587782A00AC}.Release|Any CPU.ActiveCfg = Release|Any CPU
		{523E8A80-F642-4190-8333-3587782A00AC}.Release|Any CPU.Build.0 = Release|Any CPU
		{0D0FE0C0-FCED-4D29-A489-2F09690AB658}.Debug|Any CPU.ActiveCfg = Debug|Any CPU
		{0D0FE0C0-FCED-4D29-A489-2F09690AB658}.Debug|Any CPU.Build.0 = Debug|Any CPU
		{0D0FE0C0-FCED-4D29-A489-2F09690AB658}.Release|Any CPU.ActiveCfg = Release|Any CPU
		{0D0FE0C0-FCED-4D29-A489-2F09690AB658}.Release|Any CPU.Build.0 = Release|Any CPU
		{139FD785-2069-4CE4-8A85-06B5C2791B6B}.Debug|Any CPU.ActiveCfg = Debug|Any CPU
		{139FD785-2069-4CE4-8A85-06B5C2791B6B}.Debug|Any CPU.Build.0 = Debug|Any CPU
		{139FD785-2069-4CE4-8A85-06B5C2791B6B}.Release|Any CPU.ActiveCfg = Release|Any CPU
		{139FD785-2069-4CE4-8A85-06B5C2791B6B}.Release|Any CPU.Build.0 = Release|Any CPU
		{5174A2CD-365E-410D-8C95-99B981F98D2D}.Debug|Any CPU.ActiveCfg = Debug|Any CPU
		{5174A2CD-365E-410D-8C95-99B981F98D2D}.Debug|Any CPU.Build.0 = Debug|Any CPU
		{5174A2CD-365E-410D-8C95-99B981F98D2D}.Release|Any CPU.ActiveCfg = Release|Any CPU
		{5174A2CD-365E-410D-8C95-99B981F98D2D}.Release|Any CPU.Build.0 = Release|Any CPU
		{FE36FEE5-EC51-4B97-B515-1DB12250C2BC}.Debug|Any CPU.ActiveCfg = Debug|Any CPU
		{FE36FEE5-EC51-4B97-B515-1DB12250C2BC}.Debug|Any CPU.Build.0 = Debug|Any CPU
		{FE36FEE5-EC51-4B97-B515-1DB12250C2BC}.Release|Any CPU.ActiveCfg = Release|Any CPU
		{FE36FEE5-EC51-4B97-B515-1DB12250C2BC}.Release|Any CPU.Build.0 = Release|Any CPU
		{7F51ECA0-5B61-4107-BF10-EF478A51550C}.Debug|Any CPU.ActiveCfg = Debug|Any CPU
		{7F51ECA0-5B61-4107-BF10-EF478A51550C}.Debug|Any CPU.Build.0 = Debug|Any CPU
		{7F51ECA0-5B61-4107-BF10-EF478A51550C}.Release|Any CPU.ActiveCfg = Release|Any CPU
		{7F51ECA0-5B61-4107-BF10-EF478A51550C}.Release|Any CPU.Build.0 = Release|Any CPU
		{C995177E-26DA-4E3D-B0B1-38EC4F8D2FE7}.Debug|Any CPU.ActiveCfg = Debug|Any CPU
		{C995177E-26DA-4E3D-B0B1-38EC4F8D2FE7}.Debug|Any CPU.Build.0 = Debug|Any CPU
		{C995177E-26DA-4E3D-B0B1-38EC4F8D2FE7}.Release|Any CPU.ActiveCfg = Release|Any CPU
		{C995177E-26DA-4E3D-B0B1-38EC4F8D2FE7}.Release|Any CPU.Build.0 = Release|Any CPU
		{44DD396F-6A46-43AA-8925-3E2FF050475E}.Debug|Any CPU.ActiveCfg = Debug|Any CPU
		{44DD396F-6A46-43AA-8925-3E2FF050475E}.Debug|Any CPU.Build.0 = Debug|Any CPU
		{44DD396F-6A46-43AA-8925-3E2FF050475E}.Release|Any CPU.ActiveCfg = Release|Any CPU
		{44DD396F-6A46-43AA-8925-3E2FF050475E}.Release|Any CPU.Build.0 = Release|Any CPU
	EndGlobalSection
	GlobalSection(SolutionProperties) = preSolution
		HideSolutionNode = FALSE
	EndGlobalSection
EndGlobal
