
Microsoft Visual Studio Solution File, Format Version 12.00
# Visual Studio 14
VisualStudioVersion = 14.0.25420.1
MinimumVisualStudioVersion = 10.0.40219.1
Project("{FAE04EC0-301F-11D3-BF4B-00C04F79EFBC}") = "01. Hello,Name!", "01. Hello,Name!\01. Hello,Name!.csproj", "{24084459-70FF-428B-AA21-08A023D27D4F}"
EndProject
Project("{FAE04EC0-301F-11D3-BF4B-00C04F79EFBC}") = "02. MaxMethod", "02. MaxMethod\02. MaxMethod.csproj", "{E10CFA81-416B-447E-BE75-C43CB12DAD39}"
EndProject
Project("{FAE04EC0-301F-11D3-BF4B-00C04F79EFBC}") = "04. NumbersInReversedOrder", "04. NumbersInReversedOrder\04. NumbersInReversedOrder.csproj", "{43FB993C-9FD4-4A79-A95D-94CA5F061F10}"
EndProject
Project("{FAE04EC0-301F-11D3-BF4B-00C04F79EFBC}") = "05. FibonacciNumbers", "05. FibonacciNumbers\05. FibonacciNumbers.csproj", "{91E50676-E807-49A0-BD9C-BEE7A7CD7979}"
EndProject
Project("{FAE04EC0-301F-11D3-BF4B-00C04F79EFBC}") = "06. PrimeChecker", "06. PrimeChecker\06. PrimeChecker.csproj", "{A378B60B-8865-4C90-9EF9-D6257D486165}"
EndProject
Project("{FAE04EC0-301F-11D3-BF4B-00C04F79EFBC}") = "03. EnglishNameOfLastDigit", "03. EnglishNameOfLastDigit\03. EnglishNameOfLastDigit.csproj", "{462FD9FF-EE8B-48BC-A702-32109D4E937F}"
EndProject
Project("{FAE04EC0-301F-11D3-BF4B-00C04F79EFBC}") = "08. CenterPoint", "08. CenterPoint\08. CenterPoint.csproj", "{9CBE9C48-76D3-4A56-9908-AF3BC64CE961}"
EndProject
Project("{FAE04EC0-301F-11D3-BF4B-00C04F79EFBC}") = "09. LongerLine", "09. LongerLine\09. LongerLine.csproj", "{B57D9F5A-B8AC-4438-B90D-8F7F187BC2FF}"
EndProject
Project("{FAE04EC0-301F-11D3-BF4B-00C04F79EFBC}") = "10. CubeProperties", "10. CubeProperties\10. CubeProperties.csproj", "{ECAAB3D9-A4B5-4BE1-986F-C02F092B33AB}"
EndProject
Project("{FAE04EC0-301F-11D3-BF4B-00C04F79EFBC}") = "12. MasterNumber", "12. MasterNumber\12. MasterNumber.csproj", "{F73B2CCA-ACE3-4A34-A37A-F851CFAD66E0}"
EndProject
Project("{FAE04EC0-301F-11D3-BF4B-00C04F79EFBC}") = "13. Factorial", "13. Factorial\13. Factorial.csproj", "{D04FF41C-72F0-4187-AA79-3DE88690FE5D}"
EndProject
Project("{FAE04EC0-301F-11D3-BF4B-00C04F79EFBC}") = "14. FactorialTrailingZeroes", "14. FactorialTrailingZeroes\14. FactorialTrailingZeroes.csproj", "{1997CF54-6423-4536-9251-3F3E87B7D6D6}"
EndProject
Project("{FAE04EC0-301F-11D3-BF4B-00C04F79EFBC}") = "11. GeometryCalculator", "11. GeometryCalculator\11. GeometryCalculator.csproj", "{2366B6A5-31A9-4BB3-B614-66307D49DEF0}"
EndProject
Global
	GlobalSection(SolutionConfigurationPlatforms) = preSolution
		Debug|Any CPU = Debug|Any CPU
		Release|Any CPU = Release|Any CPU
	EndGlobalSection
	GlobalSection(ProjectConfigurationPlatforms) = postSolution
		{24084459-70FF-428B-AA21-08A023D27D4F}.Debug|Any CPU.ActiveCfg = Debug|Any CPU
		{24084459-70FF-428B-AA21-08A023D27D4F}.Debug|Any CPU.Build.0 = Debug|Any CPU
		{24084459-70FF-428B-AA21-08A023D27D4F}.Release|Any CPU.ActiveCfg = Release|Any CPU
		{24084459-70FF-428B-AA21-08A023D27D4F}.Release|Any CPU.Build.0 = Release|Any CPU
		{E10CFA81-416B-447E-BE75-C43CB12DAD39}.Debug|Any CPU.ActiveCfg = Debug|Any CPU
		{E10CFA81-416B-447E-BE75-C43CB12DAD39}.Debug|Any CPU.Build.0 = Debug|Any CPU
		{E10CFA81-416B-447E-BE75-C43CB12DAD39}.Release|Any CPU.ActiveCfg = Release|Any CPU
		{E10CFA81-416B-447E-BE75-C43CB12DAD39}.Release|Any CPU.Build.0 = Release|Any CPU
		{43FB993C-9FD4-4A79-A95D-94CA5F061F10}.Debug|Any CPU.ActiveCfg = Debug|Any CPU
		{43FB993C-9FD4-4A79-A95D-94CA5F061F10}.Debug|Any CPU.Build.0 = Debug|Any CPU
		{43FB993C-9FD4-4A79-A95D-94CA5F061F10}.Release|Any CPU.ActiveCfg = Release|Any CPU
		{43FB993C-9FD4-4A79-A95D-94CA5F061F10}.Release|Any CPU.Build.0 = Release|Any CPU
		{91E50676-E807-49A0-BD9C-BEE7A7CD7979}.Debug|Any CPU.ActiveCfg = Debug|Any CPU
		{91E50676-E807-49A0-BD9C-BEE7A7CD7979}.Debug|Any CPU.Build.0 = Debug|Any CPU
		{91E50676-E807-49A0-BD9C-BEE7A7CD7979}.Release|Any CPU.ActiveCfg = Release|Any CPU
		{91E50676-E807-49A0-BD9C-BEE7A7CD7979}.Release|Any CPU.Build.0 = Release|Any CPU
		{A378B60B-8865-4C90-9EF9-D6257D486165}.Debug|Any CPU.ActiveCfg = Debug|Any CPU
		{A378B60B-8865-4C90-9EF9-D6257D486165}.Debug|Any CPU.Build.0 = Debug|Any CPU
		{A378B60B-8865-4C90-9EF9-D6257D486165}.Release|Any CPU.ActiveCfg = Release|Any CPU
		{A378B60B-8865-4C90-9EF9-D6257D486165}.Release|Any CPU.Build.0 = Release|Any CPU
		{462FD9FF-EE8B-48BC-A702-32109D4E937F}.Debug|Any CPU.ActiveCfg = Debug|Any CPU
		{462FD9FF-EE8B-48BC-A702-32109D4E937F}.Debug|Any CPU.Build.0 = Debug|Any CPU
		{462FD9FF-EE8B-48BC-A702-32109D4E937F}.Release|Any CPU.ActiveCfg = Release|Any CPU
		{462FD9FF-EE8B-48BC-A702-32109D4E937F}.Release|Any CPU.Build.0 = Release|Any CPU
		{9CBE9C48-76D3-4A56-9908-AF3BC64CE961}.Debug|Any CPU.ActiveCfg = Debug|Any CPU
		{9CBE9C48-76D3-4A56-9908-AF3BC64CE961}.Debug|Any CPU.Build.0 = Debug|Any CPU
		{9CBE9C48-76D3-4A56-9908-AF3BC64CE961}.Release|Any CPU.ActiveCfg = Release|Any CPU
		{9CBE9C48-76D3-4A56-9908-AF3BC64CE961}.Release|Any CPU.Build.0 = Release|Any CPU
		{B57D9F5A-B8AC-4438-B90D-8F7F187BC2FF}.Debug|Any CPU.ActiveCfg = Debug|Any CPU
		{B57D9F5A-B8AC-4438-B90D-8F7F187BC2FF}.Debug|Any CPU.Build.0 = Debug|Any CPU
		{B57D9F5A-B8AC-4438-B90D-8F7F187BC2FF}.Release|Any CPU.ActiveCfg = Release|Any CPU
		{B57D9F5A-B8AC-4438-B90D-8F7F187BC2FF}.Release|Any CPU.Build.0 = Release|Any CPU
		{ECAAB3D9-A4B5-4BE1-986F-C02F092B33AB}.Debug|Any CPU.ActiveCfg = Debug|Any CPU
		{ECAAB3D9-A4B5-4BE1-986F-C02F092B33AB}.Debug|Any CPU.Build.0 = Debug|Any CPU
		{ECAAB3D9-A4B5-4BE1-986F-C02F092B33AB}.Release|Any CPU.ActiveCfg = Release|Any CPU
		{ECAAB3D9-A4B5-4BE1-986F-C02F092B33AB}.Release|Any CPU.Build.0 = Release|Any CPU
		{F73B2CCA-ACE3-4A34-A37A-F851CFAD66E0}.Debug|Any CPU.ActiveCfg = Debug|Any CPU
		{F73B2CCA-ACE3-4A34-A37A-F851CFAD66E0}.Debug|Any CPU.Build.0 = Debug|Any CPU
		{F73B2CCA-ACE3-4A34-A37A-F851CFAD66E0}.Release|Any CPU.ActiveCfg = Release|Any CPU
		{F73B2CCA-ACE3-4A34-A37A-F851CFAD66E0}.Release|Any CPU.Build.0 = Release|Any CPU
		{D04FF41C-72F0-4187-AA79-3DE88690FE5D}.Debug|Any CPU.ActiveCfg = Debug|Any CPU
		{D04FF41C-72F0-4187-AA79-3DE88690FE5D}.Debug|Any CPU.Build.0 = Debug|Any CPU
		{D04FF41C-72F0-4187-AA79-3DE88690FE5D}.Release|Any CPU.ActiveCfg = Release|Any CPU
		{D04FF41C-72F0-4187-AA79-3DE88690FE5D}.Release|Any CPU.Build.0 = Release|Any CPU
		{1997CF54-6423-4536-9251-3F3E87B7D6D6}.Debug|Any CPU.ActiveCfg = Debug|Any CPU
		{1997CF54-6423-4536-9251-3F3E87B7D6D6}.Debug|Any CPU.Build.0 = Debug|Any CPU
		{1997CF54-6423-4536-9251-3F3E87B7D6D6}.Release|Any CPU.ActiveCfg = Release|Any CPU
		{1997CF54-6423-4536-9251-3F3E87B7D6D6}.Release|Any CPU.Build.0 = Release|Any CPU
		{2366B6A5-31A9-4BB3-B614-66307D49DEF0}.Debug|Any CPU.ActiveCfg = Debug|Any CPU
		{2366B6A5-31A9-4BB3-B614-66307D49DEF0}.Debug|Any CPU.Build.0 = Debug|Any CPU
		{2366B6A5-31A9-4BB3-B614-66307D49DEF0}.Release|Any CPU.ActiveCfg = Release|Any CPU
		{2366B6A5-31A9-4BB3-B614-66307D49DEF0}.Release|Any CPU.Build.0 = Release|Any CPU
	EndGlobalSection
	GlobalSection(SolutionProperties) = preSolution
		HideSolutionNode = FALSE
	EndGlobalSection
EndGlobal
